<Project xmlns="http://schemas.microsoft.com/developer/msbuild/2003">
    <PropertyGroup>
        <Base>True</Base>
        <AppType>Package</AppType>
        <Config Condition="'$(Config)'==''">Release</Config>
        <FrameworkType>None</FrameworkType>
        <MainSource>dclP4DEnvironment.dpk</MainSource>
        <Platform Condition="'$(Platform)'==''">Win32</Platform>
        <ProjectGuid>{369DD663-06BC-4D4D-903C-DDC451467D9E}</ProjectGuid>
        <ProjectVersion>19.5</ProjectVersion>
        <TargetedPlatforms>1</TargetedPlatforms>
    </PropertyGroup>
    <PropertyGroup Condition="'$(Config)'=='Base' or '$(Base)'!=''">
        <Base>true</Base>
    </PropertyGroup>
    <PropertyGroup Condition="('$(Platform)'=='Win32' and '$(Base)'=='true') or '$(Base_Win32)'!=''">
        <Base_Win32>true</Base_Win32>
        <CfgParent>Base</CfgParent>
        <Base>true</Base>
    </PropertyGroup>
    <PropertyGroup Condition="'$(Config)'=='Debug' or '$(Cfg_1)'!=''">
        <Cfg_1>true</Cfg_1>
        <CfgParent>Base</CfgParent>
        <Base>true</Base>
    </PropertyGroup>
    <PropertyGroup Condition="('$(Platform)'=='Win32' and '$(Cfg_1)'=='true') or '$(Cfg_1_Win32)'!=''">
        <Cfg_1_Win32>true</Cfg_1_Win32>
        <CfgParent>Cfg_1</CfgParent>
        <Cfg_1>true</Cfg_1>
        <Base>true</Base>
    </PropertyGroup>
    <PropertyGroup Condition="'$(Config)'=='Release' or '$(Cfg_2)'!=''">
        <Cfg_2>true</Cfg_2>
        <CfgParent>Base</CfgParent>
        <Base>true</Base>
    </PropertyGroup>
    <PropertyGroup Condition="('$(Platform)'=='Win32' and '$(Cfg_2)'=='true') or '$(Cfg_2_Win32)'!=''">
        <Cfg_2_Win32>true</Cfg_2_Win32>
        <CfgParent>Cfg_2</CfgParent>
        <Cfg_2>true</Cfg_2>
        <Base>true</Base>
    </PropertyGroup>
    <PropertyGroup Condition="'$(Base)'!=''">
        <SanitizedProjectName>dclP4DEnvironment</SanitizedProjectName>
        <BRCC_OutputDir>..\resources</BRCC_OutputDir>
        <DCC_CBuilderOutput>All</DCC_CBuilderOutput>
        <DCC_DcuOutput>..\lib\$(Platform)\$(Config)</DCC_DcuOutput>
        <DCC_Description>P4D - Python Environments</DCC_Description>
        <DCC_ExeOutput>.\$(Platform)\$(Config)</DCC_ExeOutput>
        <DCC_Namespace>System;Xml;Data;Datasnap;Web;Soap;$(DCC_Namespace)</DCC_Namespace>
        <DesignOnlyPackage>true</DesignOnlyPackage>
        <DllSuffix>$(Auto)</DllSuffix>
        <GenDll>true</GenDll>
        <GenPackage>true</GenPackage>
        <VerInfo_Keys>CompanyName=;FileDescription=$(MSBuildProjectName);FileVersion=1.0.0.0;InternalName=;LegalCopyright=;LegalTrademarks=;OriginalFilename=;ProgramID=com.embarcadero.$(MSBuildProjectName);ProductName=$(MSBuildProjectName);ProductVersion=1.0.0.0;Comments=</VerInfo_Keys>
        <VerInfo_Locale>1046</VerInfo_Locale>
    </PropertyGroup>
    <PropertyGroup Condition="'$(Base_Win32)'!=''">
        <BT_BuildType>Debug</BT_BuildType>
        <DCC_Namespace>Winapi;System.Win;Data.Win;Datasnap.Win;Web.Win;Soap.Win;Xml.Win;Bde;$(DCC_Namespace)</DCC_Namespace>
        <DCC_UsePackage>rtl;P4DEnvironment;$(DCC_UsePackage)</DCC_UsePackage>
        <VerInfo_IncludeVerInfo>true</VerInfo_IncludeVerInfo>
        <VerInfo_Locale>1033</VerInfo_Locale>
    </PropertyGroup>
    <PropertyGroup Condition="'$(Cfg_1)'!=''">
        <DCC_DebugDCUs>true</DCC_DebugDCUs>
        <DCC_DebugInfoInExe>true</DCC_DebugInfoInExe>
        <DCC_Define>DEBUG;$(DCC_Define)</DCC_Define>
        <DCC_GenerateStackFrames>true</DCC_GenerateStackFrames>
        <DCC_IntegerOverflowCheck>true</DCC_IntegerOverflowCheck>
        <DCC_Optimize>false</DCC_Optimize>
        <DCC_RangeChecking>true</DCC_RangeChecking>
        <DCC_RemoteDebug>true</DCC_RemoteDebug>
    </PropertyGroup>
    <PropertyGroup Condition="'$(Cfg_1_Win32)'!=''">
        <DCC_RemoteDebug>false</DCC_RemoteDebug>
        <VerInfo_IncludeVerInfo>true</VerInfo_IncludeVerInfo>
        <VerInfo_Locale>1033</VerInfo_Locale>
    </PropertyGroup>
    <PropertyGroup Condition="'$(Cfg_2)'!=''">
        <DCC_DebugInformation>0</DCC_DebugInformation>
        <DCC_Define>RELEASE;$(DCC_Define)</DCC_Define>
        <DCC_LocalDebugSymbols>false</DCC_LocalDebugSymbols>
        <DCC_SymbolReferenceInfo>0</DCC_SymbolReferenceInfo>
    </PropertyGroup>
    <PropertyGroup Condition="'$(Cfg_2_Win32)'!=''">
        <VerInfo_IncludeVerInfo>true</VerInfo_IncludeVerInfo>
        <VerInfo_Locale>1033</VerInfo_Locale>
    </PropertyGroup>
    <ItemGroup>
        <DelphiCompile Include="$(MainSource)">
            <MainSource>MainSource</MainSource>
        </DelphiCompile>
        <DCCReference Include="rtl.dcp"/>
        <DCCReference Include="p4denvironment.dcp"/>
        <DCCReference Include="designide.dcp"/>
        <DCCReference Include="dclp4denvironmentproject.dcp"/>
        <DCCReference Include="..\src\PyEnvironment.Registration.pas"/>
        <DCCReference Include="..\src\PyEnvionment.Editors.pas"/>
        <RcItem Include="..\images\png\128x128\embbeded.png">
            <ResourceType>RCDATA</ResourceType>
            <ResourceId>TPYEMBEDDEDENVIRONMENT128_PNG</ResourceId>
        </RcItem>
        <RcItem Include="..\images\png\16x16\embbeded.png">
            <ResourceType>RCDATA</ResourceType>
            <ResourceId>TPYEMBEDDEDENVIRONMENT16_PNG</ResourceId>
        </RcItem>
        <RcItem Include="..\images\png\24x24\embbeded.png">
            <ResourceType>RCDATA</ResourceType>
            <ResourceId>TPYEMBEDDEDENVIRONMENT_PNG</ResourceId>
        </RcItem>
        <RcItem Include="..\images\png\32x32\embbeded.png">
            <ResourceType>RCDATA</ResourceType>
            <ResourceId>TPYEMBEDDEDENVIRONMENT32_PNG</ResourceId>
        </RcItem>
        <RcItem Include="..\images\png\24x24\ensurepip.png">
            <ResourceType>RCDATA</ResourceType>
            <ResourceId>TPYENVIRONMENTADDONENSUREPIP_PNG</ResourceId>
        </RcItem>
        <RcItem Include="..\images\png\128x128\ensurepip.png">
            <ResourceType>RCDATA</ResourceType>
            <ResourceId>TPYENVIRONMENTADDONENSUREPIP128_PNG</ResourceId>
        </RcItem>
        <RcItem Include="..\images\png\16x16\ensurepip.png">
            <ResourceType>RCDATA</ResourceType>
            <ResourceId>TPYENVIRONMENTADDONENSUREPIP16_PNG</ResourceId>
        </RcItem>
        <RcItem Include="..\images\png\32x32\ensurepip.png">
            <ResourceType>RCDATA</ResourceType>
            <ResourceId>TPYENVIRONMENTADDONENSUREPIP32_PNG</ResourceId>
        </RcItem>
        <RcItem Include="..\images\png\128x128\get_pip.png">
            <ResourceType>RCDATA</ResourceType>
            <ResourceId>TPYENVIRONMENTADDONGETPIP128_PNG</ResourceId>
        </RcItem>
        <RcItem Include="..\images\png\16x16\get_pip.png">
            <ResourceType>RCDATA</ResourceType>
            <ResourceId>TPYENVIRONMENTADDONGETPIP16_PNG</ResourceId>
        </RcItem>
        <RcItem Include="..\images\png\32x32\get_pip.png">
            <ResourceType>RCDATA</ResourceType>
            <ResourceId>TPYENVIRONMENTADDONGETPIP32_PNG</ResourceId>
        </RcItem>
        <RcItem Include="..\images\png\24x24\get_pip.png">
            <ResourceType>RCDATA</ResourceType>
            <ResourceId>TPYENVIRONMENTADDONGETPIP_PNG</ResourceId>
        </RcItem>
        <RcItem Include="..\images\png\16x16\add_on.png">
            <ResourceType>RCDATA</ResourceType>
            <ResourceId>TPYENVIRONMENTADDON16_PNG</ResourceId>
        </RcItem>
        <RcItem Include="..\images\png\128x128\add_on.png">
            <ResourceType>RCDATA</ResourceType>
            <ResourceId>TPYENVIRONMENTADDON128_PNG</ResourceId>
        </RcItem>
        <RcItem Include="..\images\png\32x32\add_on.png">
            <ResourceType>RCDATA</ResourceType>
            <ResourceId>TPYENVIRONMENTADDON32_PNG</ResourceId>
        </RcItem>
        <RcItem Include="..\images\png\24x24\add_on.png">
            <ResourceType>RCDATA</ResourceType>
            <ResourceId>TPYENVIRONMENTADDON_PNG</ResourceId>
        </RcItem>
        <RcItem Include="..\images\png\32x32\local.png">
            <ResourceType>RCDATA</ResourceType>
            <ResourceId>TPYLOCALENVIRONMENT32_PNG</ResourceId>
        </RcItem>
        <RcItem Include="..\images\png\16x16\local.png">
            <ResourceType>RCDATA</ResourceType>
            <ResourceId>TPYLOCALENVIRONMENT16_PNG</ResourceId>
        </RcItem>
        <RcItem Include="..\images\png\128x128\local.png">
            <ResourceType>RCDATA</ResourceType>
            <ResourceId>TPYLOCALENVIRONMENT128_PNG</ResourceId>
        </RcItem>
        <RcItem Include="..\images\png\24x24\local.png">
            <ResourceType>RCDATA</ResourceType>
            <ResourceId>TPYLOCALENVIRONMENT_PNG</ResourceId>
        </RcItem>
        <RcItem Include="..\images\bmp\128\local.bmp">
            <ResourceType>BITMAP</ResourceType>
            <ResourceId>TPYLOCALENVIRONMENT128</ResourceId>
        </RcItem>
        <RcItem Include="..\images\bmp\16\local.bmp">
            <ResourceType>BITMAP</ResourceType>
            <ResourceId>TPYLOCALENVIRONMENT16</ResourceId>
        </RcItem>
        <RcItem Include="..\images\bmp\32\local.bmp">
            <ResourceType>BITMAP</ResourceType>
            <ResourceId>TPYLOCALENVIRONMENT32</ResourceId>
        </RcItem>
        <RcItem Include="..\images\bmp\24\local.bmp">
            <ResourceType>BITMAP</ResourceType>
            <ResourceId>TPYLOCALENVIRONMENT</ResourceId>
        </RcItem>
        <RcItem Include="..\images\bmp\16\add_on.bmp">
            <ResourceType>BITMAP</ResourceType>
            <ResourceId>TPYENVIRONMENTADDON16</ResourceId>
        </RcItem>
        <RcItem Include="..\images\bmp\128\add_on.bmp">
            <ResourceType>BITMAP</ResourceType>
            <ResourceId>TPYENVIRONMENTADDON128</ResourceId>
        </RcItem>
        <RcItem Include="..\images\bmp\32\add_on.bmp">
            <ResourceType>BITMAP</ResourceType>
            <ResourceId>TPYENVIRONMENTADDON32</ResourceId>
        </RcItem>
        <RcItem Include="..\images\bmp\24\add_on.bmp">
            <ResourceType>BITMAP</ResourceType>
            <ResourceId>TPYENVIRONMENTADDON</ResourceId>
        </RcItem>
        <RcItem Include="..\images\bmp\128\embbeded.bmp">
            <ResourceType>BITMAP</ResourceType>
            <ResourceId>TPYEMBEDDEDENVIRONMENT128</ResourceId>
        </RcItem>
        <RcItem Include="..\images\bmp\16\embbeded.bmp">
            <ResourceType>BITMAP</ResourceType>
            <ResourceId>TPYEMBEDDEDENVIRONMENT16</ResourceId>
        </RcItem>
        <RcItem Include="..\images\bmp\32\embbeded.bmp">
            <ResourceType>BITMAP</ResourceType>
            <ResourceId>TPYEMBEDDEDENVIRONMENT32</ResourceId>
        </RcItem>
        <RcItem Include="..\images\bmp\24\embbeded.bmp">
            <ResourceType>BITMAP</ResourceType>
            <ResourceId>TPYEMBEDDEDENVIRONMENT</ResourceId>
        </RcItem>
        <RcItem Include="..\images\bmp\24\ensurepip.bmp">
            <ResourceType>BITMAP</ResourceType>
            <ResourceId>TPYENVIRONMENTADDONENSUREPIP</ResourceId>
        </RcItem>
        <RcItem Include="..\images\bmp\32\ensurepip.bmp">
            <ResourceType>BITMAP</ResourceType>
            <ResourceId>TPYENVIRONMENTADDONENSUREPIP32</ResourceId>
        </RcItem>
        <RcItem Include="..\images\bmp\128\ensurepip.bmp">
            <ResourceType>BITMAP</ResourceType>
            <ResourceId>TPYENVIRONMENTADDONENSUREPIP128</ResourceId>
        </RcItem>
        <RcItem Include="..\images\bmp\16\ensurepip.bmp">
            <ResourceType>BITMAP</ResourceType>
            <ResourceId>TPYENVIRONMENTADDONENSUREPIP16</ResourceId>
        </RcItem>
        <RcItem Include="..\images\bmp\128\get_pip.bmp">
            <ResourceType>BITMAP</ResourceType>
            <ResourceId>TPYENVIRONMENTADDONGETPIP128</ResourceId>
        </RcItem>
        <RcItem Include="..\images\bmp\16\get_pip.bmp">
            <ResourceType>BITMAP</ResourceType>
            <ResourceId>TPYENVIRONMENTADDONGETPIP16</ResourceId>
        </RcItem>
        <RcItem Include="..\images\bmp\32\get_pip.bmp">
            <ResourceType>BITMAP</ResourceType>
            <ResourceId>TPYENVIRONMENTADDONGETPIP32</ResourceId>
        </RcItem>
        <RcItem Include="..\images\bmp\24\get_pip.bmp">
            <ResourceType>BITMAP</ResourceType>
            <ResourceId>TPYENVIRONMENTADDONGETPIP</ResourceId>
        </RcItem>
        <RcItem Include="..\images\png\128x128\embbeded_37.png">
            <ResourceType>RCDATA</ResourceType>
            <ResourceId>TPyEmbeddedResEnvironment37128_PNG</ResourceId>
        </RcItem>
        <RcItem Include="..\images\bmp\32\embbeded_310.bmp">
            <ResourceType>BITMAP</ResourceType>
            <ResourceId>TPyEmbeddedResEnvironment31032</ResourceId>
        </RcItem>
        <RcItem Include="..\images\bmp\16\embbeded_310.bmp">
            <ResourceType>BITMAP</ResourceType>
            <ResourceId>TPyEmbeddedResEnvironment31016</ResourceId>
        </RcItem>
        <RcItem Include="..\images\bmp\24\embbeded_310.bmp">
            <ResourceType>BITMAP</ResourceType>
            <ResourceId>TPyEmbeddedResEnvironment310</ResourceId>
        </RcItem>
        <RcItem Include="..\images\bmp\128\embbeded_310.bmp">
            <ResourceType>BITMAP</ResourceType>
            <ResourceId>TPyEmbeddedResEnvironment310128</ResourceId>
        </RcItem>
        <RcItem Include="..\images\png\128x128\embbeded_310.png">
            <ResourceType>RCDATA</ResourceType>
            <ResourceId>TPyEmbeddedResEnvironment310128_PNG</ResourceId>
        </RcItem>
        <RcItem Include="..\images\png\24x24\embbeded_310.png">
            <ResourceType>RCDATA</ResourceType>
            <ResourceId>TPyEmbeddedResEnvironment310_PNG</ResourceId>
        </RcItem>
        <RcItem Include="..\images\png\32x32\embbeded_310.png">
            <ResourceType>RCDATA</ResourceType>
            <ResourceId>TPyEmbeddedResEnvironment31032_PNG</ResourceId>
        </RcItem>
        <RcItem Include="..\images\png\16x16\embbeded_310.png">
            <ResourceType>RCDATA</ResourceType>
            <ResourceId>TPyEmbeddedResEnvironment31016_PNG</ResourceId>
        </RcItem>
        <RcItem Include="..\images\bmp\16\embbeded_37.bmp">
            <ResourceType>BITMAP</ResourceType>
            <ResourceId>TPyEmbeddedResEnvironment3716</ResourceId>
        </RcItem>
        <RcItem Include="..\images\bmp\32\embbeded_37.bmp">
            <ResourceType>BITMAP</ResourceType>
            <ResourceId>TPyEmbeddedResEnvironment3732</ResourceId>
        </RcItem>
        <RcItem Include="..\images\bmp\24\embbeded_37.bmp">
            <ResourceType>BITMAP</ResourceType>
            <ResourceId>TPyEmbeddedResEnvironment37</ResourceId>
        </RcItem>
        <RcItem Include="..\images\bmp\128\embbeded_37.bmp">
            <ResourceType>BITMAP</ResourceType>
            <ResourceId>TPyEmbeddedResEnvironment37128</ResourceId>
        </RcItem>
        <RcItem Include="..\images\png\16x16\embbeded_37.png">
            <ResourceType>RCDATA</ResourceType>
            <ResourceId>TPyEmbeddedResEnvironment3716_PNG</ResourceId>
        </RcItem>
        <RcItem Include="..\images\png\32x32\embbeded_37.png">
            <ResourceType>RCDATA</ResourceType>
            <ResourceId>TPyEmbeddedResEnvironment3732_PNG</ResourceId>
        </RcItem>
        <RcItem Include="..\images\png\24x24\embbeded_37.png">
            <ResourceType>RCDATA</ResourceType>
            <ResourceId>TPyEmbeddedResEnvironment37_PNG</ResourceId>
        </RcItem>
        <RcItem Include="..\images\bmp\16\embbeded_38.bmp">
            <ResourceType>BITMAP</ResourceType>
            <ResourceId>TPyEmbeddedResEnvironment3816</ResourceId>
        </RcItem>
        <RcItem Include="..\images\bmp\32\embbeded_38.bmp">
            <ResourceType>BITMAP</ResourceType>
            <ResourceId>TPyEmbeddedResEnvironment3832</ResourceId>
        </RcItem>
        <RcItem Include="..\images\bmp\24\embbeded_38.bmp">
            <ResourceType>BITMAP</ResourceType>
            <ResourceId>TPyEmbeddedResEnvironment38</ResourceId>
        </RcItem>
        <RcItem Include="..\images\bmp\128\embbeded_38.bmp">
            <ResourceType>BITMAP</ResourceType>
            <ResourceId>TPyEmbeddedResEnvironment38128</ResourceId>
        </RcItem>
        <RcItem Include="..\images\png\16x16\embbeded_38.png">
            <ResourceType>RCDATA</ResourceType>
            <ResourceId>TPyEmbeddedResEnvironment3816_PNG</ResourceId>
        </RcItem>
        <RcItem Include="..\images\png\32x32\embbeded_38.png">
            <ResourceType>RCDATA</ResourceType>
            <ResourceId>TPyEmbeddedResEnvironment3832_PNG</ResourceId>
        </RcItem>
        <RcItem Include="..\images\png\24x24\embbeded_38.png">
            <ResourceType>RCDATA</ResourceType>
            <ResourceId>TPyEmbeddedResEnvironment38_PNG</ResourceId>
        </RcItem>
        <RcItem Include="..\images\png\128x128\embbeded_38.png">
            <ResourceType>RCDATA</ResourceType>
            <ResourceId>TPyEmbeddedResEnvironment38128_PNG</ResourceId>
        </RcItem>
        <RcItem Include="..\images\bmp\16\embbeded_39.bmp">
            <ResourceType>BITMAP</ResourceType>
            <ResourceId>TPyEmbeddedResEnvironment3916</ResourceId>
        </RcItem>
        <RcItem Include="..\images\bmp\32\embbeded_39.bmp">
            <ResourceType>BITMAP</ResourceType>
            <ResourceId>TPyEmbeddedResEnvironment3932</ResourceId>
        </RcItem>
        <RcItem Include="..\images\bmp\24\embbeded_39.bmp">
            <ResourceType>BITMAP</ResourceType>
            <ResourceId>TPyEmbeddedResEnvironment39</ResourceId>
        </RcItem>
        <RcItem Include="..\images\bmp\128\embbeded_39.bmp">
            <ResourceType>BITMAP</ResourceType>
            <ResourceId>TPyEmbeddedResEnvironment39128</ResourceId>
        </RcItem>
        <RcItem Include="..\images\png\16x16\embbeded_39.png">
            <ResourceType>RCDATA</ResourceType>
            <ResourceId>TPyEmbeddedResEnvironment3916_PNG</ResourceId>
        </RcItem>
        <RcItem Include="..\images\png\32x32\embbeded_39.png">
            <ResourceType>RCDATA</ResourceType>
            <ResourceId>TPyEmbeddedResEnvironment3932_PNG</ResourceId>
        </RcItem>
        <RcItem Include="..\images\png\24x24\embbeded_39.png">
            <ResourceType>RCDATA</ResourceType>
            <ResourceId>TPyEmbeddedResEnvironment39_PNG</ResourceId>
        </RcItem>
        <RcItem Include="..\images\png\128x128\embbeded_39.png">
            <ResourceType>RCDATA</ResourceType>
            <ResourceId>TPyEmbeddedResEnvironment39128_PNG</ResourceId>
        </RcItem>
        <BuildConfiguration Include="Base">
            <Key>Base</Key>
        </BuildConfiguration>
        <BuildConfiguration Include="Debug">
            <Key>Cfg_1</Key>
            <CfgParent>Base</CfgParent>
        </BuildConfiguration>
        <BuildConfiguration Include="Release">
            <Key>Cfg_2</Key>
            <CfgParent>Base</CfgParent>
        </BuildConfiguration>
    </ItemGroup>
    <ProjectExtensions>
        <Borland.Personality>Delphi.Personality.12</Borland.Personality>
        <Borland.ProjectType>Package</Borland.ProjectType>
        <BorlandProject>
            <Delphi.Personality>
                <Source>
                    <Source Name="MainSource">dclP4DEnvironment.dpk</Source>
                </Source>
                <Excluded_Packages>
                    <Excluded_Packages Name="$(BDSBIN)\dcloffice2k280.bpl">Microsoft Office 2000 Sample Automation Server Wrapper Components</Excluded_Packages>
                    <Excluded_Packages Name="$(BDSBIN)\dclofficexp280.bpl">Microsoft Office XP Sample Automation Server Wrapper Components</Excluded_Packages>
                </Excluded_Packages>
            </Delphi.Personality>
            <Platforms>
                <Platform value="Android">False</Platform>
                <Platform value="Android64">False</Platform>
                <Platform value="iOSDevice64">False</Platform>
                <Platform value="iOSSimARM64">False</Platform>
                <Platform value="Linux64">False</Platform>
                <Platform value="OSX64">False</Platform>
                <Platform value="OSXARM64">False</Platform>
                <Platform value="Win32">True</Platform>
                <Platform value="Win64">False</Platform>
            </Platforms>
        </BorlandProject>
        <ProjectFileVersion>12</ProjectFileVersion>
    </ProjectExtensions>
    <Import Project="$(BDS)\Bin\CodeGear.Delphi.Targets" Condition="Exists('$(BDS)\Bin\CodeGear.Delphi.Targets')"/>
    <Import Project="$(APPDATA)\Embarcadero\$(BDSAPPDATABASEDIR)\$(PRODUCTVERSION)\UserTools.proj" Condition="Exists('$(APPDATA)\Embarcadero\$(BDSAPPDATABASEDIR)\$(PRODUCTVERSION)\UserTools.proj')"/>
    <Import Project="$(MSBuildProjectName).deployproj" Condition="Exists('$(MSBuildProjectName).deployproj')"/>
</Project>
